PODS:
  - ASIHTTPRequest (1.8.2):
    - ASIHTTPRequest/ASIWebPageRequest
    - ASIHTTPRequest/CloudFiles
    - ASIHTTPRequest/Core
    - ASIHTTPRequest/S3
  - ASIHTTPRequest/ASIWebPageRequest (1.8.2):
    - ASIHTTPRequest/Core
  - ASIHTTPRequest/CloudFiles (1.8.2):
    - ASIHTTPRequest/Core
  - ASIHTTPRequest/Core (1.8.2):
    - Reachability
  - ASIHTTPRequest/S3 (1.8.2):
    - ASIHTTPRequest/Core
  - FMDB (2.2):
    - FMDB/standard
  - FMDB/common (2.2)
  - FMDB/standard (2.2):
    - FMDB/common
  - MBProgressHUD (0.8)
  - Reachability (3.1.1)
  - SDWebImage (3.5.4):
    - SDWebImage/Core
  - SDWebImage/Core (3.5.4)
  - skpsmtpmessage (0.0.1)

DEPENDENCIES:
  - ASIHTTPRequest (~> 1.8.1)
  - FMDB (~> 2.2)
  - MBProgressHUD (~> 0.8)
  - Reachability (~> 3.1.1)
  - SDWebImage (~> 3.5.2)
  - skpsmtpmessage (~> 0.0.1)

SPEC CHECKSUMS:
  ASIHTTPRequest: 0b05282cf3c422c3474eff98c5bb8c1192b91b86
  FMDB: e0dd09464b4e1a1cd7fa51ea835ae821b5656865
  MBProgressHUD: 2bbc6f470111daf7f3eaa4eb12b8cbf01c4c0622
  Reachability: be4883bb93f31e38266ae3365e5600a317aae735
  SDWebImage: 1a62010700adbba823b621fc217906739dbf6aa5
  skpsmtpmessage: d038b548a3d1401f9038eccf525760a1fd9a58fa

COCOAPODS: 0.32.1
